
Microsoft Visual Studio Solution File, Format Version 12.00
# Visual Studio Version 17
VisualStudioVersion = 17.12.35506.116 d17.12
MinimumVisualStudioVersion = 10.0.40219.1
Project("{FAE04EC0-301F-11D3-BF4B-00C04F79EFBC}") = "Trängselskatt", "Trängselskatt\Trängselskatt.csproj", "{2FE43D26-ED57-40A0-B59B-D6DDA0548FD7}"
EndProject
Project("{FAE04EC0-301F-11D3-BF4B-00C04F79EFBC}") = "TrängselskattTest", "TrängselskattTest\TrängselskattTest.csproj", "{9582E4B7-20D0-42F8-BA04-4487C316A799}"
EndProject
Global
	GlobalSection(SolutionConfigurationPlatforms) = preSolution
		Debug|Any CPU = Debug|Any CPU
		Release|Any CPU = Release|Any CPU
	EndGlobalSection
	GlobalSection(ProjectConfigurationPlatforms) = postSolution
		{2FE43D26-ED57-40A0-B59B-D6DDA0548FD7}.Debug|Any CPU.ActiveCfg = Debug|Any CPU
		{2FE43D26-ED57-40A0-B59B-D6DDA0548FD7}.Debug|Any CPU.Build.0 = Debug|Any CPU
		{2FE43D26-ED57-40A0-B59B-D6DDA0548FD7}.Release|Any CPU.ActiveCfg = Release|Any CPU
		{2FE43D26-ED57-40A0-B59B-D6DDA0548FD7}.Release|Any CPU.Build.0 = Release|Any CPU
		{9582E4B7-20D0-42F8-BA04-4487C316A799}.Debug|Any CPU.ActiveCfg = Debug|Any CPU
		{9582E4B7-20D0-42F8-BA04-4487C316A799}.Debug|Any CPU.Build.0 = Debug|Any CPU
		{9582E4B7-20D0-42F8-BA04-4487C316A799}.Release|Any CPU.ActiveCfg = Release|Any CPU
		{9582E4B7-20D0-42F8-BA04-4487C316A799}.Release|Any CPU.Build.0 = Release|Any CPU
	EndGlobalSection
	GlobalSection(SolutionProperties) = preSolution
		HideSolutionNode = FALSE
	EndGlobalSection
EndGlobal
